
Microsoft Visual Studio Solution File, Format Version 12.00
# Visual Studio 14
VisualStudioVersion = 14.0.25420.1
MinimumVisualStudioVersion = 10.0.40219.1
Project("{2150E333-8FDC-42A3-9474-1A3956D46DE8}") = "Runners", "Runners", "{CB10ADAF-FB42-457B-ADFE-7CF866C5DA6E}"
EndProject
Project("{2150E333-8FDC-42A3-9474-1A3956D46DE8}") = "Core", "Core", "{C17FACD1-2740-44B5-8E6E-B7FF0D54CA40}"
EndProject
Project("{2150E333-8FDC-42A3-9474-1A3956D46DE8}") = "Tests", "Tests", "{D264186F-3ED6-482D-8E1A-F41C2F83C711}"
EndProject
Project("{2150E333-8FDC-42A3-9474-1A3956D46DE8}") = "Solution Items", "Solution Items", "{64A04012-A9E7-4DE9-8927-DD1DD5E2523A}"
	ProjectSection(SolutionItems) = preProject
		global.json = global.json
		src\SolutionInfo.cs = src\SolutionInfo.cs
	EndProjectSection
EndProject
Project("{8BB2217D-0F2D-49D1-97BC-3654ED321F3B}") = "FluentMigrator", "src\FluentMigrator\FluentMigrator.xproj", "{1888C3B3-9699-4A45-A7B3-13C64CA96C88}"
EndProject
Project("{8BB2217D-0F2D-49D1-97BC-3654ED321F3B}") = "FluentMigrator.Runner", "src\FluentMigrator.Runner\FluentMigrator.Runner.xproj", "{D1FA237A-C522-4CC0-BED6-5689CDC486DB}"
EndProject
Project("{8BB2217D-0F2D-49D1-97BC-3654ED321F3B}") = "FluentMigrator.SchemaDump", "src\FluentMigrator.SchemaDump\FluentMigrator.SchemaDump.xproj", "{CB468AD6-60C2-42E9-B3B0-01968EF94C65}"
EndProject
Project("{8BB2217D-0F2D-49D1-97BC-3654ED321F3B}") = "FluentMigrator.Tests", "src\FluentMigrator.Tests\FluentMigrator.Tests.xproj", "{F81E3EAB-CD44-4B55-A0EC-16F05CB45413}"
EndProject
Project("{8BB2217D-0F2D-49D1-97BC-3654ED321F3B}") = "FluentMigrator.Console", "src\FluentMigrator.Console\FluentMigrator.Console.xproj", "{664C7334-B44B-4D62-A0F8-063805D630AA}"
EndProject
Project("{8BB2217D-0F2D-49D1-97BC-3654ED321F3B}") = "FluentMigrator.MSBuild", "src\FluentMigrator.MSBuild\FluentMigrator.MSBuild.xproj", "{97849F97-BD7D-453B-B0CF-6CD922BB1596}"
EndProject
Project("{8BB2217D-0F2D-49D1-97BC-3654ED321F3B}") = "FluentMigrator.NAnt", "src\FluentMigrator.NAnt\FluentMigrator.NAnt.xproj", "{CE578BDE-D69D-43D1-BFA0-BE4D356EB0AD}"
EndProject
Global
	GlobalSection(SolutionConfigurationPlatforms) = preSolution
		AutomatedRelease|Any CPU = AutomatedRelease|Any CPU
		AutomatedRelease|x86 = AutomatedRelease|x86
		Debug|Any CPU = Debug|Any CPU
		Debug|x86 = Debug|x86
		Release|Any CPU = Release|Any CPU
		Release|x86 = Release|x86
	EndGlobalSection
	GlobalSection(ProjectConfigurationPlatforms) = postSolution
		{1888C3B3-9699-4A45-A7B3-13C64CA96C88}.AutomatedRelease|Any CPU.ActiveCfg = Release|Any CPU
		{1888C3B3-9699-4A45-A7B3-13C64CA96C88}.AutomatedRelease|Any CPU.Build.0 = Release|Any CPU
		{1888C3B3-9699-4A45-A7B3-13C64CA96C88}.AutomatedRelease|x86.ActiveCfg = Release|Any CPU
		{1888C3B3-9699-4A45-A7B3-13C64CA96C88}.AutomatedRelease|x86.Build.0 = Release|Any CPU
		{1888C3B3-9699-4A45-A7B3-13C64CA96C88}.Debug|Any CPU.ActiveCfg = Debug|Any CPU
		{1888C3B3-9699-4A45-A7B3-13C64CA96C88}.Debug|Any CPU.Build.0 = Debug|Any CPU
		{1888C3B3-9699-4A45-A7B3-13C64CA96C88}.Debug|x86.ActiveCfg = Debug|Any CPU
		{1888C3B3-9699-4A45-A7B3-13C64CA96C88}.Debug|x86.Build.0 = Debug|Any CPU
		{1888C3B3-9699-4A45-A7B3-13C64CA96C88}.Release|Any CPU.ActiveCfg = Release|Any CPU
		{1888C3B3-9699-4A45-A7B3-13C64CA96C88}.Release|Any CPU.Build.0 = Release|Any CPU
		{1888C3B3-9699-4A45-A7B3-13C64CA96C88}.Release|x86.ActiveCfg = Release|Any CPU
		{1888C3B3-9699-4A45-A7B3-13C64CA96C88}.Release|x86.Build.0 = Release|Any CPU
		{D1FA237A-C522-4CC0-BED6-5689CDC486DB}.AutomatedRelease|Any CPU.ActiveCfg = Release|Any CPU
		{D1FA237A-C522-4CC0-BED6-5689CDC486DB}.AutomatedRelease|Any CPU.Build.0 = Release|Any CPU
		{D1FA237A-C522-4CC0-BED6-5689CDC486DB}.AutomatedRelease|x86.ActiveCfg = Release|Any CPU
		{D1FA237A-C522-4CC0-BED6-5689CDC486DB}.AutomatedRelease|x86.Build.0 = Release|Any CPU
		{D1FA237A-C522-4CC0-BED6-5689CDC486DB}.Debug|Any CPU.ActiveCfg = Debug|Any CPU
		{D1FA237A-C522-4CC0-BED6-5689CDC486DB}.Debug|Any CPU.Build.0 = Debug|Any CPU
		{D1FA237A-C522-4CC0-BED6-5689CDC486DB}.Debug|x86.ActiveCfg = Debug|Any CPU
		{D1FA237A-C522-4CC0-BED6-5689CDC486DB}.Debug|x86.Build.0 = Debug|Any CPU
		{D1FA237A-C522-4CC0-BED6-5689CDC486DB}.Release|Any CPU.ActiveCfg = Release|Any CPU
		{D1FA237A-C522-4CC0-BED6-5689CDC486DB}.Release|Any CPU.Build.0 = Release|Any CPU
		{D1FA237A-C522-4CC0-BED6-5689CDC486DB}.Release|x86.ActiveCfg = Release|Any CPU
		{D1FA237A-C522-4CC0-BED6-5689CDC486DB}.Release|x86.Build.0 = Release|Any CPU
		{CB468AD6-60C2-42E9-B3B0-01968EF94C65}.AutomatedRelease|Any CPU.ActiveCfg = Release|Any CPU
		{CB468AD6-60C2-42E9-B3B0-01968EF94C65}.AutomatedRelease|Any CPU.Build.0 = Release|Any CPU
		{CB468AD6-60C2-42E9-B3B0-01968EF94C65}.AutomatedRelease|x86.ActiveCfg = Release|Any CPU
		{CB468AD6-60C2-42E9-B3B0-01968EF94C65}.AutomatedRelease|x86.Build.0 = Release|Any CPU
		{CB468AD6-60C2-42E9-B3B0-01968EF94C65}.Debug|Any CPU.ActiveCfg = Debug|Any CPU
		{CB468AD6-60C2-42E9-B3B0-01968EF94C65}.Debug|Any CPU.Build.0 = Debug|Any CPU
		{CB468AD6-60C2-42E9-B3B0-01968EF94C65}.Debug|x86.ActiveCfg = Debug|Any CPU
		{CB468AD6-60C2-42E9-B3B0-01968EF94C65}.Debug|x86.Build.0 = Debug|Any CPU
		{CB468AD6-60C2-42E9-B3B0-01968EF94C65}.Release|Any CPU.ActiveCfg = Release|Any CPU
		{CB468AD6-60C2-42E9-B3B0-01968EF94C65}.Release|Any CPU.Build.0 = Release|Any CPU
		{CB468AD6-60C2-42E9-B3B0-01968EF94C65}.Release|x86.ActiveCfg = Release|Any CPU
		{CB468AD6-60C2-42E9-B3B0-01968EF94C65}.Release|x86.Build.0 = Release|Any CPU
		{F81E3EAB-CD44-4B55-A0EC-16F05CB45413}.AutomatedRelease|Any CPU.ActiveCfg = Release|Any CPU
		{F81E3EAB-CD44-4B55-A0EC-16F05CB45413}.AutomatedRelease|Any CPU.Build.0 = Release|Any CPU
		{F81E3EAB-CD44-4B55-A0EC-16F05CB45413}.AutomatedRelease|x86.ActiveCfg = Release|Any CPU
		{F81E3EAB-CD44-4B55-A0EC-16F05CB45413}.AutomatedRelease|x86.Build.0 = Release|Any CPU
		{F81E3EAB-CD44-4B55-A0EC-16F05CB45413}.Debug|Any CPU.ActiveCfg = Debug|Any CPU
		{F81E3EAB-CD44-4B55-A0EC-16F05CB45413}.Debug|Any CPU.Build.0 = Debug|Any CPU
		{F81E3EAB-CD44-4B55-A0EC-16F05CB45413}.Debug|x86.ActiveCfg = Debug|Any CPU
		{F81E3EAB-CD44-4B55-A0EC-16F05CB45413}.Debug|x86.Build.0 = Debug|Any CPU
		{F81E3EAB-CD44-4B55-A0EC-16F05CB45413}.Release|Any CPU.ActiveCfg = Release|Any CPU
		{F81E3EAB-CD44-4B55-A0EC-16F05CB45413}.Release|Any CPU.Build.0 = Release|Any CPU
		{F81E3EAB-CD44-4B55-A0EC-16F05CB45413}.Release|x86.ActiveCfg = Release|Any CPU
		{F81E3EAB-CD44-4B55-A0EC-16F05CB45413}.Release|x86.Build.0 = Release|Any CPU
		{664C7334-B44B-4D62-A0F8-063805D630AA}.AutomatedRelease|Any CPU.ActiveCfg = Release|Any CPU
		{664C7334-B44B-4D62-A0F8-063805D630AA}.AutomatedRelease|Any CPU.Build.0 = Release|Any CPU
		{664C7334-B44B-4D62-A0F8-063805D630AA}.AutomatedRelease|x86.ActiveCfg = Release|Any CPU
		{664C7334-B44B-4D62-A0F8-063805D630AA}.AutomatedRelease|x86.Build.0 = Release|Any CPU
		{664C7334-B44B-4D62-A0F8-063805D630AA}.Debug|Any CPU.ActiveCfg = Debug|Any CPU
		{664C7334-B44B-4D62-A0F8-063805D630AA}.Debug|Any CPU.Build.0 = Debug|Any CPU
		{664C7334-B44B-4D62-A0F8-063805D630AA}.Debug|x86.ActiveCfg = Debug|Any CPU
		{664C7334-B44B-4D62-A0F8-063805D630AA}.Debug|x86.Build.0 = Debug|Any CPU
		{664C7334-B44B-4D62-A0F8-063805D630AA}.Release|Any CPU.ActiveCfg = Release|Any CPU
		{664C7334-B44B-4D62-A0F8-063805D630AA}.Release|Any CPU.Build.0 = Release|Any CPU
		{664C7334-B44B-4D62-A0F8-063805D630AA}.Release|x86.ActiveCfg = Release|Any CPU
		{664C7334-B44B-4D62-A0F8-063805D630AA}.Release|x86.Build.0 = Release|Any CPU
		{97849F97-BD7D-453B-B0CF-6CD922BB1596}.AutomatedRelease|Any CPU.ActiveCfg = Release|Any CPU
		{97849F97-BD7D-453B-B0CF-6CD922BB1596}.AutomatedRelease|Any CPU.Build.0 = Release|Any CPU
		{97849F97-BD7D-453B-B0CF-6CD922BB1596}.AutomatedRelease|x86.ActiveCfg = Release|Any CPU
		{97849F97-BD7D-453B-B0CF-6CD922BB1596}.AutomatedRelease|x86.Build.0 = Release|Any CPU
		{97849F97-BD7D-453B-B0CF-6CD922BB1596}.Debug|Any CPU.ActiveCfg = Debug|Any CPU
		{97849F97-BD7D-453B-B0CF-6CD922BB1596}.Debug|Any CPU.Build.0 = Debug|Any CPU
		{97849F97-BD7D-453B-B0CF-6CD922BB1596}.Debug|x86.ActiveCfg = Debug|Any CPU
		{97849F97-BD7D-453B-B0CF-6CD922BB1596}.Debug|x86.Build.0 = Debug|Any CPU
		{97849F97-BD7D-453B-B0CF-6CD922BB1596}.Release|Any CPU.ActiveCfg = Release|Any CPU
		{97849F97-BD7D-453B-B0CF-6CD922BB1596}.Release|Any CPU.Build.0 = Release|Any CPU
		{97849F97-BD7D-453B-B0CF-6CD922BB1596}.Release|x86.ActiveCfg = Release|Any CPU
		{97849F97-BD7D-453B-B0CF-6CD922BB1596}.Release|x86.Build.0 = Release|Any CPU
		{CE578BDE-D69D-43D1-BFA0-BE4D356EB0AD}.AutomatedRelease|Any CPU.ActiveCfg = Release|Any CPU
		{CE578BDE-D69D-43D1-BFA0-BE4D356EB0AD}.AutomatedRelease|Any CPU.Build.0 = Release|Any CPU
		{CE578BDE-D69D-43D1-BFA0-BE4D356EB0AD}.AutomatedRelease|x86.ActiveCfg = Release|Any CPU
		{CE578BDE-D69D-43D1-BFA0-BE4D356EB0AD}.AutomatedRelease|x86.Build.0 = Release|Any CPU
		{CE578BDE-D69D-43D1-BFA0-BE4D356EB0AD}.Debug|Any CPU.ActiveCfg = Debug|Any CPU
		{CE578BDE-D69D-43D1-BFA0-BE4D356EB0AD}.Debug|Any CPU.Build.0 = Debug|Any CPU
		{CE578BDE-D69D-43D1-BFA0-BE4D356EB0AD}.Debug|x86.ActiveCfg = Debug|Any CPU
		{CE578BDE-D69D-43D1-BFA0-BE4D356EB0AD}.Debug|x86.Build.0 = Debug|Any CPU
		{CE578BDE-D69D-43D1-BFA0-BE4D356EB0AD}.Release|Any CPU.ActiveCfg = Release|Any CPU
		{CE578BDE-D69D-43D1-BFA0-BE4D356EB0AD}.Release|Any CPU.Build.0 = Release|Any CPU
		{CE578BDE-D69D-43D1-BFA0-BE4D356EB0AD}.Release|x86.ActiveCfg = Release|Any CPU
		{CE578BDE-D69D-43D1-BFA0-BE4D356EB0AD}.Release|x86.Build.0 = Release|Any CPU
	EndGlobalSection
	GlobalSection(SolutionProperties) = preSolution
		HideSolutionNode = FALSE
	EndGlobalSection
	GlobalSection(NestedProjects) = preSolution
		{1888C3B3-9699-4A45-A7B3-13C64CA96C88} = {C17FACD1-2740-44B5-8E6E-B7FF0D54CA40}
		{D1FA237A-C522-4CC0-BED6-5689CDC486DB} = {CB10ADAF-FB42-457B-ADFE-7CF866C5DA6E}
		{CB468AD6-60C2-42E9-B3B0-01968EF94C65} = {CB10ADAF-FB42-457B-ADFE-7CF866C5DA6E}
		{F81E3EAB-CD44-4B55-A0EC-16F05CB45413} = {D264186F-3ED6-482D-8E1A-F41C2F83C711}
		{664C7334-B44B-4D62-A0F8-063805D630AA} = {CB10ADAF-FB42-457B-ADFE-7CF866C5DA6E}
		{97849F97-BD7D-453B-B0CF-6CD922BB1596} = {CB10ADAF-FB42-457B-ADFE-7CF866C5DA6E}
		{CE578BDE-D69D-43D1-BFA0-BE4D356EB0AD} = {CB10ADAF-FB42-457B-ADFE-7CF866C5DA6E}
	EndGlobalSection
EndGlobal
